
Microsoft Visual Studio Solution File, Format Version 12.00
# Visual Studio Version 16
VisualStudioVersion = 16.0.31702.278
MinimumVisualStudioVersion = 10.0.40219.1
Project("{9A19103F-16F7-4668-BE54-9A1E7A4F7556}") = "ATM.CLI", "ATM\ATM.CLI.csproj", "{2002BF5D-D758-4D3F-AECA-09302BB7969F}"
EndProject
Project("{9A19103F-16F7-4668-BE54-9A1E7A4F7556}") = "ATM.Models", "ATM.Models\ATM.Models.csproj", "{443B3B98-4FB1-4921-8848-704D490A79EA}"
EndProject
Project("{9A19103F-16F7-4668-BE54-9A1E7A4F7556}") = "ATM.Services", "ATM.Services\ATM.Services.csproj", "{F82053C2-2A8C-4968-B953-86DA6A0EC16D}"
EndProject
Project("{9A19103F-16F7-4668-BE54-9A1E7A4F7556}") = "ATM.Repository", "ATM.Repository\ATM.Repository.csproj", "{5DB5C554-EDB8-4A48-BC2C-D8FDA644C864}"
EndProject
Global
	GlobalSection(SolutionConfigurationPlatforms) = preSolution
		Debug|Any CPU = Debug|Any CPU
		Release|Any CPU = Release|Any CPU
	EndGlobalSection
	GlobalSection(ProjectConfigurationPlatforms) = postSolution
		{2002BF5D-D758-4D3F-AECA-09302BB7969F}.Debug|Any CPU.ActiveCfg = Debug|Any CPU
		{2002BF5D-D758-4D3F-AECA-09302BB7969F}.Debug|Any CPU.Build.0 = Debug|Any CPU
		{2002BF5D-D758-4D3F-AECA-09302BB7969F}.Release|Any CPU.ActiveCfg = Release|Any CPU
		{2002BF5D-D758-4D3F-AECA-09302BB7969F}.Release|Any CPU.Build.0 = Release|Any CPU
		{443B3B98-4FB1-4921-8848-704D490A79EA}.Debug|Any CPU.ActiveCfg = Debug|Any CPU
		{443B3B98-4FB1-4921-8848-704D490A79EA}.Debug|Any CPU.Build.0 = Debug|Any CPU
		{443B3B98-4FB1-4921-8848-704D490A79EA}.Release|Any CPU.ActiveCfg = Release|Any CPU
		{443B3B98-4FB1-4921-8848-704D490A79EA}.Release|Any CPU.Build.0 = Release|Any CPU
		{F82053C2-2A8C-4968-B953-86DA6A0EC16D}.Debug|Any CPU.ActiveCfg = Debug|Any CPU
		{F82053C2-2A8C-4968-B953-86DA6A0EC16D}.Debug|Any CPU.Build.0 = Debug|Any CPU
		{F82053C2-2A8C-4968-B953-86DA6A0EC16D}.Release|Any CPU.ActiveCfg = Release|Any CPU
		{F82053C2-2A8C-4968-B953-86DA6A0EC16D}.Release|Any CPU.Build.0 = Release|Any CPU
		{5DB5C554-EDB8-4A48-BC2C-D8FDA644C864}.Debug|Any CPU.ActiveCfg = Debug|Any CPU
		{5DB5C554-EDB8-4A48-BC2C-D8FDA644C864}.Debug|Any CPU.Build.0 = Debug|Any CPU
		{5DB5C554-EDB8-4A48-BC2C-D8FDA644C864}.Release|Any CPU.ActiveCfg = Release|Any CPU
		{5DB5C554-EDB8-4A48-BC2C-D8FDA644C864}.Release|Any CPU.Build.0 = Release|Any CPU
	EndGlobalSection
	GlobalSection(SolutionProperties) = preSolution
		HideSolutionNode = FALSE
	EndGlobalSection
	GlobalSection(ExtensibilityGlobals) = postSolution
		SolutionGuid = {1F41B263-D7F0-4720-BD88-75F9539AC1DB}
	EndGlobalSection
EndGlobal
